// !$*UTF8*$!
{
	archiveVersion = 1;
	classes = {
	};
	objectVersion = 46;
	objects = {

/* Begin PBXBuildFile section */
		0FDD41B8594B9F268A5DBB57 /* libPods.a in Frameworks */ = {isa = PBXBuildFile; fileRef = F5A2F53B2B6A54DA0D958B59 /* libPods.a */; };
		B92EBA151C9BD05300682E1E /* AppDelegate.swift in Sources */ = {isa = PBXBuildFile; fileRef = B92EBA141C9BD05300682E1E /* AppDelegate.swift */; };
		B92EBA171C9BD05300682E1E /* ViewController.swift in Sources */ = {isa = PBXBuildFile; fileRef = B92EBA161C9BD05300682E1E /* ViewController.swift */; };
		B92EBA1A1C9BD05300682E1E /* Main.storyboard in Resources */ = {isa = PBXBuildFile; fileRef = B92EBA181C9BD05300682E1E /* Main.storyboard */; };
		B92EBA1C1C9BD05300682E1E /* Assets.xcassets in Resources */ = {isa = PBXBuildFile; fileRef = B92EBA1B1C9BD05300682E1E /* Assets.xcassets */; };
		B92EBA1F1C9BD05300682E1E /* LaunchScreen.storyboard in Resources */ = {isa = PBXBuildFile; fileRef = B92EBA1D1C9BD05300682E1E /* LaunchScreen.storyboard */; };
		B92EBA2A1C9BD05300682E1E /* TravisSampleTests.swift in Sources */ = {isa = PBXBuildFile; fileRef = B92EBA291C9BD05300682E1E /* TravisSampleTests.swift */; };
		B92EBA351C9BD05300682E1E /* TravisSampleUITests.swift in Sources */ = {isa = PBXBuildFile; fileRef = B92EBA341C9BD05300682E1E /* TravisSampleUITests.swift */; };
/* End PBXBuildFile section */

/* Begin PBXContainerItemProxy section */
		B92EBA261C9BD05300682E1E /* PBXContainerItemProxy */ = {
			isa = PBXContainerItemProxy;
			containerPortal = B92EBA091C9BD05300682E1E /* Project object */;
			proxyType = 1;
			remoteGlobalIDString = B92EBA101C9BD05300682E1E;
			remoteInfo = TravisSample;
		};
		B92EBA311C9BD05300682E1E /* PBXContainerItemProxy */ = {
			isa = PBXContainerItemProxy;
			containerPortal = B92EBA091C9BD05300682E1E /* Project object */;
			proxyType = 1;
			remoteGlobalIDString = B92EBA101C9BD05300682E1E;
			remoteInfo = TravisSample;
		};
/* End PBXContainerItemProxy section */

/* Begin PBXFileReference section */
		B92EBA111C9BD05300682E1E /* TravisSample.app */ = {isa = PBXFileReference; explicitFileType = wrapper.application; includeInIndex = 0; path = TravisSample.app; sourceTree = BUILT_PRODUCTS_DIR; };
		B92EBA141C9BD05300682E1E /* AppDelegate.swift */ = {isa = PBXFileReference; lastKnownFileType = sourcecode.swift; path = AppDelegate.swift; sourceTree = "<group>"; };
		B92EBA161C9BD05300682E1E /* ViewController.swift */ = {isa = PBXFileReference; lastKnownFileType = sourcecode.swift; path = ViewController.swift; sourceTree = "<group>"; };
		B92EBA191C9BD05300682E1E /* Base */ = {isa = PBXFileReference; lastKnownFileType = file.storyboard; name = Base; path = Base.lproj/Main.storyboard; sourceTree = "<group>"; };
		B92EBA1B1C9BD05300682E1E /* Assets.xcassets */ = {isa = PBXFileReference; lastKnownFileType = folder.assetcatalog; path = Assets.xcassets; sourceTree = "<group>"; };
		B92EBA1E1C9BD05300682E1E /* Base */ = {isa = PBXFileReference; lastKnownFileType = file.storyboard; name = Base; path = Base.lproj/LaunchScreen.storyboard; sourceTree = "<group>"; };
		B92EBA201C9BD05300682E1E /* Info.plist */ = {isa = PBXFileReference; lastKnownFileType = text.plist.xml; path = Info.plist; sourceTree = "<group>"; };
		B92EBA251C9BD05300682E1E /* TravisSampleTests.xctest */ = {isa = PBXFileReference; explicitFileType = wrapper.cfbundle; includeInIndex = 0; path = TravisSampleTests.xctest; sourceTree = BUILT_PRODUCTS_DIR; };
		B92EBA291C9BD05300682E1E /* TravisSampleTests.swift */ = {isa = PBXFileReference; lastKnownFileType = sourcecode.swift; path = TravisSampleTests.swift; sourceTree = "<group>"; };
		B92EBA2B1C9BD05300682E1E /* Info.plist */ = {isa = PBXFileReference; lastKnownFileType = text.plist.xml; path = Info.plist; sourceTree = "<group>"; };
		B92EBA301C9BD05300682E1E /* TravisSampleUITests.xctest */ = {isa = PBXFileReference; explicitFileType = wrapper.cfbundle; includeInIndex = 0; path = TravisSampleUITests.xctest; sourceTree = BUILT_PRODUCTS_DIR; };
		B92EBA341C9BD05300682E1E /* TravisSampleUITests.swift */ = {isa = PBXFileReference; lastKnownFileType = sourcecode.swift; path = TravisSampleUITests.swift; sourceTree = "<group>"; };
		B92EBA361C9BD05300682E1E /* Info.plist */ = {isa = PBXFileReference; lastKnownFileType = text.plist.xml; path = Info.plist; sourceTree = "<group>"; };
		E6B4B23BB3D6DBF3A405D209 /* Pods.release.xcconfig */ = {isa = PBXFileReference; includeInIndex = 1; lastKnownFileType = text.xcconfig; name = Pods.release.xcconfig; path = "Pods/Target Support Files/Pods/Pods.release.xcconfig"; sourceTree = "<group>"; };
		F4FC3B7F62DDD9EBC2BF279C /* Pods.debug.xcconfig */ = {isa = PBXFileReference; includeInIndex = 1; lastKnownFileType = text.xcconfig; name = Pods.debug.xcconfig; path = "Pods/Target Support Files/Pods/Pods.debug.xcconfig"; sourceTree = "<group>"; };
		F5A2F53B2B6A54DA0D958B59 /* libPods.a */ = {isa = PBXFileReference; explicitFileType = archive.ar; includeInIndex = 0; path = libPods.a; sourceTree = BUILT_PRODUCTS_DIR; };
/* End PBXFileReference section */

/* Begin PBXFrameworksBuildPhase section */
		B92EBA0E1C9BD05300682E1E /* Frameworks */ = {
			isa = PBXFrameworksBuildPhase;
			buildActionMask = 2147483647;
			files = (
				0FDD41B8594B9F268A5DBB57 /* libPods.a in Frameworks */,
			);
			runOnlyForDeploymentPostprocessing = 0;
		};
		B92EBA221C9BD05300682E1E /* Frameworks */ = {
			isa = PBXFrameworksBuildPhase;
			buildActionMask = 2147483647;
			files = (
			);
			runOnlyForDeploymentPostprocessing = 0;
		};
		B92EBA2D1C9BD05300682E1E /* Frameworks */ = {
			isa = PBXFrameworksBuildPhase;
			buildActionMask = 2147483647;
			files = (
			);
			runOnlyForDeploymentPostprocessing = 0;
		};
/* End PBXFrameworksBuildPhase section */

/* Begin PBXGroup section */
		72833683E11F9E58AB46F164 /* Frameworks */ = {
			isa = PBXGroup;
			children = (
				F5A2F53B2B6A54DA0D958B59 /* libPods.a */,
			);
			name = Frameworks;
			sourceTree = "<group>";
		};
		B92EBA081C9BD05300682E1E = {
			isa = PBXGroup;
			children = (
				B92EBA131C9BD05300682E1E /* TravisSample */,
				B92EBA281C9BD05300682E1E /* TravisSampleTests */,
				B92EBA331C9BD05300682E1E /* TravisSampleUITests */,
				B92EBA121C9BD05300682E1E /* Products */,
				E0EB289AB5446B7AD2D684D7 /* Pods */,
				72833683E11F9E58AB46F164 /* Frameworks */,
			);
			sourceTree = "<group>";
		};
		B92EBA121C9BD05300682E1E /* Products */ = {
			isa = PBXGroup;
			children = (
				B92EBA111C9BD05300682E1E /* TravisSample.app */,
				B92EBA251C9BD05300682E1E /* TravisSampleTests.xctest */,
				B92EBA301C9BD05300682E1E /* TravisSampleUITests.xctest */,
			);
			name = Products;
			sourceTree = "<group>";
		};
		B92EBA131C9BD05300682E1E /* TravisSample */ = {
			isa = PBXGroup;
			children = (
				B92EBA141C9BD05300682E1E /* AppDelegate.swift */,
				B92EBA161C9BD05300682E1E /* ViewController.swift */,
				B92EBA181C9BD05300682E1E /* Main.storyboard */,
				B92EBA1B1C9BD05300682E1E /* Assets.xcassets */,
				B92EBA1D1C9BD05300682E1E /* LaunchScreen.storyboard */,
				B92EBA201C9BD05300682E1E /* Info.plist */,
			);
			path = TravisSample;
			sourceTree = "<group>";
		};
		B92EBA281C9BD05300682E1E /* TravisSampleTests */ = {
			isa = PBXGroup;
			children = (
				B92EBA291C9BD05300682E1E /* TravisSampleTests.swift */,
				B92EBA2B1C9BD05300682E1E /* Info.plist */,
			);
			path = TravisSampleTests;
			sourceTree = "<group>";
		};
		B92EBA331C9BD05300682E1E /* TravisSampleUITests */ = {
			isa = PBXGroup;
			children = (
				B92EBA341C9BD05300682E1E /* TravisSampleUITests.swift */,
				B92EBA361C9BD05300682E1E /* Info.plist */,
			);
			path = TravisSampleUITests;
			sourceTree = "<group>";
		};
		E0EB289AB5446B7AD2D684D7 /* Pods */ = {
			isa = PBXGroup;
			children = (
				F4FC3B7F62DDD9EBC2BF279C /* Pods.debug.xcconfig */,
				E6B4B23BB3D6DBF3A405D209 /* Pods.release.xcconfig */,
			);
			name = Pods;
			sourceTree = "<group>";
		};
/* End PBXGroup section */

/* Begin PBXNativeTarget section */
		B92EBA101C9BD05300682E1E /* TravisSample */ = {
			isa = PBXNativeTarget;
			buildConfigurationList = B92EBA391C9BD05300682E1E /* Build configuration list for PBXNativeTarget "TravisSample" */;
			buildPhases = (
				55E813E06F038260D36BD5A1 /* Check Pods Manifest.lock */,
				B92EBA0D1C9BD05300682E1E /* Sources */,
				B92EBA0E1C9BD05300682E1E /* Frameworks */,
				B92EBA0F1C9BD05300682E1E /* Resources */,
				AAD4276267A8A02BB3093ED9 /* Embed Pods Frameworks */,
				67BF7EB6B4E26DF89C4342D5 /* Copy Pods Resources */,
			);
			buildRules = (
			);
			dependencies = (
			);
			name = TravisSample;
			productName = TravisSample;
			productReference = B92EBA111C9BD05300682E1E /* TravisSample.app */;
			productType = "com.apple.product-type.application";
		};
		B92EBA241C9BD05300682E1E /* TravisSampleTests */ = {
			isa = PBXNativeTarget;
			buildConfigurationList = B92EBA3C1C9BD05300682E1E /* Build configuration list for PBXNativeTarget "TravisSampleTests" */;
			buildPhases = (
				B92EBA211C9BD05300682E1E /* Sources */,
				B92EBA221C9BD05300682E1E /* Frameworks */,
				B92EBA231C9BD05300682E1E /* Resources */,
			);
			buildRules = (
			);
			dependencies = (
				B92EBA271C9BD05300682E1E /* PBXTargetDependency */,
			);
			name = TravisSampleTests;
			productName = TravisSampleTests;
			productReference = B92EBA251C9BD05300682E1E /* TravisSampleTests.xctest */;
			productType = "com.apple.product-type.bundle.unit-test";
		};
		B92EBA2F1C9BD05300682E1E /* TravisSampleUITests */ = {
			isa = PBXNativeTarget;
			buildConfigurationList = B92EBA3F1C9BD05300682E1E /* Build configuration list for PBXNativeTarget "TravisSampleUITests" */;
			buildPhases = (
				B92EBA2C1C9BD05300682E1E /* Sources */,
				B92EBA2D1C9BD05300682E1E /* Frameworks */,
				B92EBA2E1C9BD05300682E1E /* Resources */,
			);
			buildRules = (
			);
			dependencies = (
				B92EBA321C9BD05300682E1E /* PBXTargetDependency */,
			);
			name = TravisSampleUITests;
			productName = TravisSampleUITests;
			productReference = B92EBA301C9BD05300682E1E /* TravisSampleUITests.xctest */;
			productType = "com.apple.product-type.bundle.ui-testing";
		};
/* End PBXNativeTarget section */

/* Begin PBXProject section */
		B92EBA091C9BD05300682E1E /* Project object */ = {
			isa = PBXProject;
			attributes = {
				LastSwiftUpdateCheck = 0720;
				LastUpgradeCheck = 0720;
				ORGANIZATIONNAME = "aill inc";
				TargetAttributes = {
					B92EBA101C9BD05300682E1E = {
						CreatedOnToolsVersion = 7.2.1;
					};
					B92EBA241C9BD05300682E1E = {
						CreatedOnToolsVersion = 7.2.1;
						TestTargetID = B92EBA101C9BD05300682E1E;
					};
					B92EBA2F1C9BD05300682E1E = {
						CreatedOnToolsVersion = 7.2.1;
						TestTargetID = B92EBA101C9BD05300682E1E;
					};
				};
			};
			buildConfigurationList = B92EBA0C1C9BD05300682E1E /* Build configuration list for PBXProject "TravisSample" */;
			compatibilityVersion = "Xcode 3.2";
			developmentRegion = English;
			hasScannedForEncodings = 0;
			knownRegions = (
				en,
				Base,
			);
			mainGroup = B92EBA081C9BD05300682E1E;
			productRefGroup = B92EBA121C9BD05300682E1E /* Products */;
			projectDirPath = "";
			projectRoot = "";
			targets = (
				B92EBA101C9BD05300682E1E /* TravisSample */,
				B92EBA241C9BD05300682E1E /* TravisSampleTests */,
				B92EBA2F1C9BD05300682E1E /* TravisSampleUITests */,
			);
		};
/* End PBXProject section */

/* Begin PBXResourcesBuildPhase section */
		B92EBA0F1C9BD05300682E1E /* Resources */ = {
			isa = PBXResourcesBuildPhase;
			buildActionMask = 2147483647;
			files = (
				B92EBA1F1C9BD05300682E1E /* LaunchScreen.storyboard in Resources */,
				B92EBA1C1C9BD05300682E1E /* Assets.xcassets in Resources */,
				B92EBA1A1C9BD05300682E1E /* Main.storyboard in Resources */,
			);
			runOnlyForDeploymentPostprocessing = 0;
		};
		B92EBA231C9BD05300682E1E /* Resources */ = {
			isa = PBXResourcesBuildPhase;
			buildActionMask = 2147483647;
			files = (
			);
			runOnlyForDeploymentPostprocessing = 0;
		};
		B92EBA2E1C9BD05300682E1E /* Resources */ = {
			isa = PBXResourcesBuildPhase;
			buildActionMask = 2147483647;
			files = (
			);
			runOnlyForDeploymentPostprocessing = 0;
		};
/* End PBXResourcesBuildPhase section */

/* Begin PBXShellScriptBuildPhase section */
		55E813E06F038260D36BD5A1 /* Check Pods Manifest.lock */ = {
			isa = PBXShellScriptBuildPhase;
			buildActionMask = 2147483647;
			files = (
			);
			inputPaths = (
			);
			name = "Check Pods Manifest.lock";
			outputPaths = (
			);
			runOnlyForDeploymentPostprocessing = 0;
			shellPath = /bin/sh;
			shellScript = "diff \"${PODS_ROOT}/../Podfile.lock\" \"${PODS_ROOT}/Manifest.lock\" > /dev/null\nif [[ $? != 0 ]] ; then\n    cat << EOM\nerror: The sandbox is not in sync with the Podfile.lock. Run 'pod install' or update your CocoaPods installation.\nEOM\n    exit 1\nfi\n";
			showEnvVarsInLog = 0;
		};
		67BF7EB6B4E26DF89C4342D5 /* Copy Pods Resources */ = {
			isa = PBXShellScriptBuildPhase;
			buildActionMask = 2147483647;
			files = (
			);
			inputPaths = (
			);
			name = "Copy Pods Resources";
			outputPaths = (
			);
			runOnlyForDeploymentPostprocessing = 0;
			shellPath = /bin/sh;
			shellScript = "\"${SRCROOT}/Pods/Target Support Files/Pods/Pods-resources.sh\"\n";
			showEnvVarsInLog = 0;
		};
		AAD4276267A8A02BB3093ED9 /* Embed Pods Frameworks */ = {
			isa = PBXShellScriptBuildPhase;
			buildActionMask = 2147483647;
			files = (
			);
			inputPaths = (
			);
			name = "Embed Pods Frameworks";
			outputPaths = (
			);
			runOnlyForDeploymentPostprocessing = 0;
			shellPath = /bin/sh;
			shellScript = "\"${SRCROOT}/Pods/Target Support Files/Pods/Pods-frameworks.sh\"\n";
			showEnvVarsInLog = 0;
		};
/* End PBXShellScriptBuildPhase section */

/* Begin PBXSourcesBuildPhase section */
		B92EBA0D1C9BD05300682E1E /* Sources */ = {
			isa = PBXSourcesBuildPhase;
			buildActionMask = 2147483647;
			files = (
				B92EBA171C9BD05300682E1E /* ViewController.swift in Sources */,
				B92EBA151C9BD05300682E1E /* AppDelegate.swift in Sources */,
			);
			runOnlyForDeploymentPostprocessing = 0;
		};
		B92EBA211C9BD05300682E1E /* Sources */ = {
			isa = PBXSourcesBuildPhase;
			buildActionMask = 2147483647;
			files = (
				B92EBA2A1C9BD05300682E1E /* TravisSampleTests.swift in Sources */,
			);
			runOnlyForDeploymentPostprocessing = 0;
		};
		B92EBA2C1C9BD05300682E1E /* Sources */ = {
			isa = PBXSourcesBuildPhase;
			buildActionMask = 2147483647;
			files = (
				B92EBA351C9BD05300682E1E /* TravisSampleUITests.swift in Sources */,
			);
			runOnlyForDeploymentPostprocessing = 0;
		};
/* End PBXSourcesBuildPhase section */

/* Begin PBXTargetDependency section */
		B92EBA271C9BD05300682E1E /* PBXTargetDependency */ = {
			isa = PBXTargetDependency;
			target = B92EBA101C9BD05300682E1E /* TravisSample */;
			targetProxy = B92EBA261C9BD05300682E1E /* PBXContainerItemProxy */;
		};
		B92EBA321C9BD05300682E1E /* PBXTargetDependency */ = {
			isa = PBXTargetDependency;
			target = B92EBA101C9BD05300682E1E /* TravisSample */;
			targetProxy = B92EBA311C9BD05300682E1E /* PBXContainerItemProxy */;
		};
/* End PBXTargetDependency section */

/* Begin PBXVariantGroup section */
		B92EBA181C9BD05300682E1E /* Main.storyboard */ = {
			isa = PBXVariantGroup;
			children = (
				B92EBA191C9BD05300682E1E /* Base */,
			);
			name = Main.storyboard;
			sourceTree = "<group>";
		};
		B92EBA1D1C9BD05300682E1E /* LaunchScreen.storyboard */ = {
			isa = PBXVariantGroup;
			children = (
				B92EBA1E1C9BD05300682E1E /* Base */,
			);
			name = LaunchScreen.storyboard;
			sourceTree = "<group>";
		};
/* End PBXVariantGroup section */

/* Begin XCBuildConfiguration section */
		B92EBA371C9BD05300682E1E /* Debug */ = {
			isa = XCBuildConfiguration;
			buildSettings = {
				ALWAYS_SEARCH_USER_PATHS = NO;
				CLANG_CXX_LANGUAGE_STANDARD = "gnu++0x";
				CLANG_CXX_LIBRARY = "libc++";
				CLANG_ENABLE_MODULES = YES;
				CLANG_ENABLE_OBJC_ARC = YES;
				CLANG_WARN_BOOL_CONVERSION = YES;
				CLANG_WARN_CONSTANT_CONVERSION = YES;
				CLANG_WARN_DIRECT_OBJC_ISA_USAGE = YES_ERROR;
				CLANG_WARN_EMPTY_BODY = YES;
				CLANG_WARN_ENUM_CONVERSION = YES;
				CLANG_WARN_INT_CONVERSION = YES;
				CLANG_WARN_OBJC_ROOT_CLASS = YES_ERROR;
				CLANG_WARN_UNREACHABLE_CODE = YES;
				CLANG_WARN__DUPLICATE_METHOD_MATCH = YES;
				"CODE_SIGN_IDENTITY[sdk=iphoneos*]" = "iPhone Developer";
				COPY_PHASE_STRIP = NO;
				DEBUG_INFORMATION_FORMAT = dwarf;
				ENABLE_STRICT_OBJC_MSGSEND = YES;
				ENABLE_TESTABILITY = YES;
				GCC_C_LANGUAGE_STANDARD = gnu99;
				GCC_DYNAMIC_NO_PIC = NO;
				GCC_NO_COMMON_BLOCKS = YES;
				GCC_OPTIMIZATION_LEVEL = 0;
				GCC_PREPROCESSOR_DEFINITIONS = (
					"DEBUG=1",
					"$(inherited)",
				);
				GCC_WARN_64_TO_32_BIT_CONVERSION = YES;
				GCC_WARN_ABOUT_RETURN_TYPE = YES_ERROR;
				GCC_WARN_UNDECLARED_SELECTOR = YES;
				GCC_WARN_UNINITIALIZED_AUTOS = YES_AGGRESSIVE;
				GCC_WARN_UNUSED_FUNCTION = YES;
				GCC_WARN_UNUSED_VARIABLE = YES;
				IPHONEOS_DEPLOYMENT_TARGET = 9.2;
				MTL_ENABLE_DEBUG_INFO = YES;
				ONLY_ACTIVE_ARCH = YES;
				SDKROOT = iphoneos;
				SWIFT_OPTIMIZATION_LEVEL = "-Onone";
			};
			name = Debug;
		};
		B92EBA381C9BD05300682E1E /* Release */ = {
			isa = XCBuildConfiguration;
			buildSettings = {
				ALWAYS_SEARCH_USER_PATHS = NO;
				CLANG_CXX_LANGUAGE_STANDARD = "gnu++0x";
				CLANG_CXX_LIBRARY = "libc++";
				CLANG_ENABLE_MODULES = YES;
				CLANG_ENABLE_OBJC_ARC = YES;
				CLANG_WARN_BOOL_CONVERSION = YES;
				CLANG_WARN_CONSTANT_CONVERSION = YES;
				CLANG_WARN_DIRECT_OBJC_ISA_USAGE = YES_ERROR;
				CLANG_WARN_EMPTY_BODY = YES;
				CLANG_WARN_ENUM_CONVERSION = YES;
				CLANG_WARN_INT_CONVERSION = YES;
				CLANG_WARN_OBJC_ROOT_CLASS = YES_ERROR;
				CLANG_WARN_UNREACHABLE_CODE = YES;
				CLANG_WARN__DUPLICATE_METHOD_MATCH = YES;
				"CODE_SIGN_IDENTITY[sdk=iphoneos*]" = "iPhone Developer";
				COPY_PHASE_STRIP = NO;
				DEBUG_INFORMATION_FORMAT = "dwarf-with-dsym";
				ENABLE_NS_ASSERTIONS = NO;
				ENABLE_STRICT_OBJC_MSGSEND = YES;
				GCC_C_LANGUAGE_STANDARD = gnu99;
				GCC_NO_COMMON_BLOCKS = YES;
				GCC_WARN_64_TO_32_BIT_CONVERSION = YES;
				GCC_WARN_ABOUT_RETURN_TYPE = YES_ERROR;
				GCC_WARN_UNDECLARED_SELECTOR = YES;
				GCC_WARN_UNINITIALIZED_AUTOS = YES_AGGRESSIVE;
				GCC_WARN_UNUSED_FUNCTION = YES;
				GCC_WARN_UNUSED_VARIABLE = YES;
				IPHONEOS_DEPLOYMENT_TARGET = 9.2;
				MTL_ENABLE_DEBUG_INFO = NO;
				SDKROOT = iphoneos;
				VALIDATE_PRODUCT = YES;
			};
			name = Release;
		};
		B92EBA3A1C9BD05300682E1E /* Debug */ = {
			isa = XCBuildConfiguration;
			baseConfigurationReference = F4FC3B7F62DDD9EBC2BF279C /* Pods.debug.xcconfig */;
			buildSettings = {
				ASSETCATALOG_COMPILER_APPICON_NAME = AppIcon;
				INFOPLIST_FILE = TravisSample/Info.plist;
				LD_RUNPATH_SEARCH_PATHS = "$(inherited) @executable_path/Frameworks";
				PRODUCT_BUNDLE_IDENTIFIER = org.aill.TravisSample;
				PRODUCT_NAME = "$(TARGET_NAME)";
			};
			name = Debug;
		};
		B92EBA3B1C9BD05300682E1E /* Release */ = {
			isa = XCBuildConfiguration;
			baseConfigurationReference = E6B4B23BB3D6DBF3A405D209 /* Pods.release.xcconfig */;
			buildSettings = {
				ASSETCATALOG_COMPILER_APPICON_NAME = AppIcon;
				INFOPLIST_FILE = TravisSample/Info.plist;
				LD_RUNPATH_SEARCH_PATHS = "$(inherited) @executable_path/Frameworks";
				PRODUCT_BUNDLE_IDENTIFIER = org.aill.TravisSample;
				PRODUCT_NAME = "$(TARGET_NAME)";
			};
			name = Release;
		};
		B92EBA3D1C9BD05300682E1E /* Debug */ = {
			isa = XCBuildConfiguration;
			buildSettings = {
				BUNDLE_LOADER = "$(TEST_HOST)";
				INFOPLIST_FILE = TravisSampleTests/Info.plist;
				LD_RUNPATH_SEARCH_PATHS = "$(inherited) @executable_path/Frameworks @loader_path/Frameworks";
				PRODUCT_BUNDLE_IDENTIFIER = org.aill.TravisSampleTests;
				PRODUCT_NAME = "$(TARGET_NAME)";
				TEST_HOST = "$(BUILT_PRODUCTS_DIR)/TravisSample.app/TravisSample";
			};
			name = Debug;
		};
		B92EBA3E1C9BD05300682E1E /* Release */ = {
			isa = XCBuildConfiguration;
			buildSettings = {
				BUNDLE_LOADER = "$(TEST_HOST)";
				INFOPLIST_FILE = TravisSampleTests/Info.plist;
				LD_RUNPATH_SEARCH_PATHS = "$(inherited) @executable_path/Frameworks @loader_path/Frameworks";
				PRODUCT_BUNDLE_IDENTIFIER = org.aill.TravisSampleTests;
				PRODUCT_NAME = "$(TARGET_NAME)";
				TEST_HOST = "$(BUILT_PRODUCTS_DIR)/TravisSample.app/TravisSample";
			};
			name = Release;
		};
		B92EBA401C9BD05300682E1E /* Debug */ = {
			isa = XCBuildConfiguration;
			buildSettings = {
				INFOPLIST_FILE = TravisSampleUITests/Info.plist;
				LD_RUNPATH_SEARCH_PATHS = "$(inherited) @executable_path/Frameworks @loader_path/Frameworks";
				PRODUCT_BUNDLE_IDENTIFIER = org.aill.TravisSampleUITests;
				PRODUCT_NAME = "$(TARGET_NAME)";
				TEST_TARGET_NAME = TravisSample;
				USES_XCTRUNNER = YES;
			};
			name = Debug;
		};
		B92EBA411C9BD05300682E1E /* Release */ = {
			isa = XCBuildConfiguration;
			buildSettings = {
				INFOPLIST_FILE = TravisSampleUITests/Info.plist;
				LD_RUNPATH_SEARCH_PATHS = "$(inherited) @executable_path/Frameworks @loader_path/Frameworks";
				PRODUCT_BUNDLE_IDENTIFIER = org.aill.TravisSampleUITests;
				PRODUCT_NAME = "$(TARGET_NAME)";
				TEST_TARGET_NAME = TravisSample;
				USES_XCTRUNNER = YES;
			};
			name = Release;
		};
/* End XCBuildConfiguration section */

/* Begin XCConfigurationList section */
		B92EBA0C1C9BD05300682E1E /* Build configuration list for PBXProject "TravisSample" */ = {
			isa = XCConfigurationList;
			buildConfigurations = (
				B92EBA371C9BD05300682E1E /* Debug */,
				B92EBA381C9BD05300682E1E /* Release */,
			);
			defaultConfigurationIsVisible = 0;
			defaultConfigurationName = Release;
		};
		B92EBA391C9BD05300682E1E /* Build configuration list for PBXNativeTarget "TravisSample" */ = {
			isa = XCConfigurationList;
			buildConfigurations = (
				B92EBA3A1C9BD05300682E1E /* Debug */,
				B92EBA3B1C9BD05300682E1E /* Release */,
			);
			defaultConfigurationIsVisible = 0;
			defaultConfigurationName = Release;
		};
		B92EBA3C1C9BD05300682E1E /* Build configuration list for PBXNativeTarget "TravisSampleTests" */ = {
			isa = XCConfigurationList;
			buildConfigurations = (
				B92EBA3D1C9BD05300682E1E /* Debug */,
				B92EBA3E1C9BD05300682E1E /* Release */,
			);
			defaultConfigurationIsVisible = 0;
			defaultConfigurationName = Release;
		};
		B92EBA3F1C9BD05300682E1E /* Build configuration list for PBXNativeTarget "TravisSampleUITests" */ = {
			isa = XCConfigurationList;
			buildConfigurations = (
				B92EBA401C9BD05300682E1E /* Debug */,
				B92EBA411C9BD05300682E1E /* Release */,
			);
			defaultConfigurationIsVisible = 0;
			defaultConfigurationName = Release;
		};
/* End XCConfigurationList section */
	};
	rootObject = B92EBA091C9BD05300682E1E /* Project object */;
}
